
Microsoft Visual Studio Solution File, Format Version 12.00
# Visual Studio Version 16
VisualStudioVersion = 16.0.29411.108
MinimumVisualStudioVersion = 10.0.40219.1
Project("{FAE04EC0-301F-11D3-BF4B-00C04F79EFBC}") = "KnowledgeHUB.UWP", "KnowledgeHUB.UWP\KnowledgeHUB.UWP.csproj", "{8E8FDDC2-BE2D-4401-922E-7A980F4312E0}"
EndProject
Project("{FAE04EC0-301F-11D3-BF4B-00C04F79EFBC}") = "KnowledgeHUB.Android", "KnowledgeHUB.Android\KnowledgeHUB.Android.csproj", "{666AD28A-CAFF-45BD-9D1D-E0135FF0B42E}"
EndProject
Project("{FAE04EC0-301F-11D3-BF4B-00C04F79EFBC}") = "KnowledgeHUB.iOS", "KnowledgeHUB.iOS\KnowledgeHUB.iOS.csproj", "{581498DE-FBEF-484A-8736-8350D91FD953}"
EndProject
Project("{9A19103F-16F7-4668-BE54-9A1E7A4F7556}") = "KnowledgeHUB", "KnowledgeHUB\KnowledgeHUB.csproj", "{0480D9B3-B66C-4FCE-BDAD-DEE06531A014}"
EndProject
Global
	GlobalSection(SolutionConfigurationPlatforms) = preSolution
		Debug|Any CPU = Debug|Any CPU
		Debug|ARM = Debug|ARM
		Debug|iPhone = Debug|iPhone
		Debug|iPhoneSimulator = Debug|iPhoneSimulator
		Debug|x64 = Debug|x64
		Debug|x86 = Debug|x86
		Release|Any CPU = Release|Any CPU
		Release|ARM = Release|ARM
		Release|iPhone = Release|iPhone
		Release|iPhoneSimulator = Release|iPhoneSimulator
		Release|x64 = Release|x64
		Release|x86 = Release|x86
	EndGlobalSection
	GlobalSection(ProjectConfigurationPlatforms) = postSolution
		{8E8FDDC2-BE2D-4401-922E-7A980F4312E0}.Debug|Any CPU.ActiveCfg = Debug|x86
		{8E8FDDC2-BE2D-4401-922E-7A980F4312E0}.Debug|Any CPU.Build.0 = Debug|x86
		{8E8FDDC2-BE2D-4401-922E-7A980F4312E0}.Debug|Any CPU.Deploy.0 = Debug|x86
		{8E8FDDC2-BE2D-4401-922E-7A980F4312E0}.Debug|ARM.ActiveCfg = Debug|ARM
		{8E8FDDC2-BE2D-4401-922E-7A980F4312E0}.Debug|ARM.Build.0 = Debug|ARM
		{8E8FDDC2-BE2D-4401-922E-7A980F4312E0}.Debug|ARM.Deploy.0 = Debug|ARM
		{8E8FDDC2-BE2D-4401-922E-7A980F4312E0}.Debug|iPhone.ActiveCfg = Debug|x86
		{8E8FDDC2-BE2D-4401-922E-7A980F4312E0}.Debug|iPhone.Build.0 = Debug|x86
		{8E8FDDC2-BE2D-4401-922E-7A980F4312E0}.Debug|iPhone.Deploy.0 = Debug|x86
		{8E8FDDC2-BE2D-4401-922E-7A980F4312E0}.Debug|iPhoneSimulator.ActiveCfg = Debug|x86
		{8E8FDDC2-BE2D-4401-922E-7A980F4312E0}.Debug|iPhoneSimulator.Build.0 = Debug|x86
		{8E8FDDC2-BE2D-4401-922E-7A980F4312E0}.Debug|iPhoneSimulator.Deploy.0 = Debug|x86
		{8E8FDDC2-BE2D-4401-922E-7A980F4312E0}.Debug|x64.ActiveCfg = Debug|x64
		{8E8FDDC2-BE2D-4401-922E-7A980F4312E0}.Debug|x64.Build.0 = Debug|x64
		{8E8FDDC2-BE2D-4401-922E-7A980F4312E0}.Debug|x64.Deploy.0 = Debug|x64
		{8E8FDDC2-BE2D-4401-922E-7A980F4312E0}.Debug|x86.ActiveCfg = Debug|x86
		{8E8FDDC2-BE2D-4401-922E-7A980F4312E0}.Debug|x86.Build.0 = Debug|x86
		{8E8FDDC2-BE2D-4401-922E-7A980F4312E0}.Debug|x86.Deploy.0 = Debug|x86
		{8E8FDDC2-BE2D-4401-922E-7A980F4312E0}.Release|Any CPU.ActiveCfg = Release|x86
		{8E8FDDC2-BE2D-4401-922E-7A980F4312E0}.Release|Any CPU.Build.0 = Release|x86
		{8E8FDDC2-BE2D-4401-922E-7A980F4312E0}.Release|Any CPU.Deploy.0 = Release|x86
		{8E8FDDC2-BE2D-4401-922E-7A980F4312E0}.Release|ARM.ActiveCfg = Release|ARM
		{8E8FDDC2-BE2D-4401-922E-7A980F4312E0}.Release|ARM.Build.0 = Release|ARM
		{8E8FDDC2-BE2D-4401-922E-7A980F4312E0}.Release|ARM.Deploy.0 = Release|ARM
		{8E8FDDC2-BE2D-4401-922E-7A980F4312E0}.Release|iPhone.ActiveCfg = Release|x86
		{8E8FDDC2-BE2D-4401-922E-7A980F4312E0}.Release|iPhone.Build.0 = Release|x86
		{8E8FDDC2-BE2D-4401-922E-7A980F4312E0}.Release|iPhone.Deploy.0 = Release|x86
		{8E8FDDC2-BE2D-4401-922E-7A980F4312E0}.Release|iPhoneSimulator.ActiveCfg = Release|x86
		{8E8FDDC2-BE2D-4401-922E-7A980F4312E0}.Release|iPhoneSimulator.Build.0 = Release|x86
		{8E8FDDC2-BE2D-4401-922E-7A980F4312E0}.Release|iPhoneSimulator.Deploy.0 = Release|x86
		{8E8FDDC2-BE2D-4401-922E-7A980F4312E0}.Release|x64.ActiveCfg = Release|x64
		{8E8FDDC2-BE2D-4401-922E-7A980F4312E0}.Release|x64.Build.0 = Release|x64
		{8E8FDDC2-BE2D-4401-922E-7A980F4312E0}.Release|x64.Deploy.0 = Release|x64
		{8E8FDDC2-BE2D-4401-922E-7A980F4312E0}.Release|x86.ActiveCfg = Release|x86
		{8E8FDDC2-BE2D-4401-922E-7A980F4312E0}.Release|x86.Build.0 = Release|x86
		{8E8FDDC2-BE2D-4401-922E-7A980F4312E0}.Release|x86.Deploy.0 = Release|x86
		{666AD28A-CAFF-45BD-9D1D-E0135FF0B42E}.Debug|Any CPU.ActiveCfg = Debug|Any CPU
		{666AD28A-CAFF-45BD-9D1D-E0135FF0B42E}.Debug|Any CPU.Build.0 = Debug|Any CPU
		{666AD28A-CAFF-45BD-9D1D-E0135FF0B42E}.Debug|Any CPU.Deploy.0 = Debug|Any CPU
		{666AD28A-CAFF-45BD-9D1D-E0135FF0B42E}.Debug|ARM.ActiveCfg = Debug|Any CPU
		{666AD28A-CAFF-45BD-9D1D-E0135FF0B42E}.Debug|ARM.Build.0 = Debug|Any CPU
		{666AD28A-CAFF-45BD-9D1D-E0135FF0B42E}.Debug|ARM.Deploy.0 = Debug|Any CPU
		{666AD28A-CAFF-45BD-9D1D-E0135FF0B42E}.Debug|iPhone.ActiveCfg = Debug|Any CPU
		{666AD28A-CAFF-45BD-9D1D-E0135FF0B42E}.Debug|iPhone.Build.0 = Debug|Any CPU
		{666AD28A-CAFF-45BD-9D1D-E0135FF0B42E}.Debug|iPhone.Deploy.0 = Debug|Any CPU
		{666AD28A-CAFF-45BD-9D1D-E0135FF0B42E}.Debug|iPhoneSimulator.ActiveCfg = Debug|Any CPU
		{666AD28A-CAFF-45BD-9D1D-E0135FF0B42E}.Debug|iPhoneSimulator.Build.0 = Debug|Any CPU
		{666AD28A-CAFF-45BD-9D1D-E0135FF0B42E}.Debug|iPhoneSimulator.Deploy.0 = Debug|Any CPU
		{666AD28A-CAFF-45BD-9D1D-E0135FF0B42E}.Debug|x64.ActiveCfg = Debug|Any CPU
		{666AD28A-CAFF-45BD-9D1D-E0135FF0B42E}.Debug|x64.Build.0 = Debug|Any CPU
		{666AD28A-CAFF-45BD-9D1D-E0135FF0B42E}.Debug|x64.Deploy.0 = Debug|Any CPU
		{666AD28A-CAFF-45BD-9D1D-E0135FF0B42E}.Debug|x86.ActiveCfg = Debug|Any CPU
		{666AD28A-CAFF-45BD-9D1D-E0135FF0B42E}.Debug|x86.Build.0 = Debug|Any CPU
		{666AD28A-CAFF-45BD-9D1D-E0135FF0B42E}.Debug|x86.Deploy.0 = Debug|Any CPU
		{666AD28A-CAFF-45BD-9D1D-E0135FF0B42E}.Release|Any CPU.ActiveCfg = Release|Any CPU
		{666AD28A-CAFF-45BD-9D1D-E0135FF0B42E}.Release|Any CPU.Build.0 = Release|Any CPU
		{666AD28A-CAFF-45BD-9D1D-E0135FF0B42E}.Release|Any CPU.Deploy.0 = Release|Any CPU
		{666AD28A-CAFF-45BD-9D1D-E0135FF0B42E}.Release|ARM.ActiveCfg = Release|Any CPU
		{666AD28A-CAFF-45BD-9D1D-E0135FF0B42E}.Release|ARM.Build.0 = Release|Any CPU
		{666AD28A-CAFF-45BD-9D1D-E0135FF0B42E}.Release|ARM.Deploy.0 = Release|Any CPU
		{666AD28A-CAFF-45BD-9D1D-E0135FF0B42E}.Release|iPhone.ActiveCfg = Release|Any CPU
		{666AD28A-CAFF-45BD-9D1D-E0135FF0B42E}.Release|iPhone.Build.0 = Release|Any CPU
		{666AD28A-CAFF-45BD-9D1D-E0135FF0B42E}.Release|iPhone.Deploy.0 = Release|Any CPU
		{666AD28A-CAFF-45BD-9D1D-E0135FF0B42E}.Release|iPhoneSimulator.ActiveCfg = Release|Any CPU
		{666AD28A-CAFF-45BD-9D1D-E0135FF0B42E}.Release|iPhoneSimulator.Build.0 = Release|Any CPU
		{666AD28A-CAFF-45BD-9D1D-E0135FF0B42E}.Release|iPhoneSimulator.Deploy.0 = Release|Any CPU
		{666AD28A-CAFF-45BD-9D1D-E0135FF0B42E}.Release|x64.ActiveCfg = Release|Any CPU
		{666AD28A-CAFF-45BD-9D1D-E0135FF0B42E}.Release|x64.Build.0 = Release|Any CPU
		{666AD28A-CAFF-45BD-9D1D-E0135FF0B42E}.Release|x64.Deploy.0 = Release|Any CPU
		{666AD28A-CAFF-45BD-9D1D-E0135FF0B42E}.Release|x86.ActiveCfg = Release|Any CPU
		{666AD28A-CAFF-45BD-9D1D-E0135FF0B42E}.Release|x86.Build.0 = Release|Any CPU
		{666AD28A-CAFF-45BD-9D1D-E0135FF0B42E}.Release|x86.Deploy.0 = Release|Any CPU
		{581498DE-FBEF-484A-8736-8350D91FD953}.Debug|Any CPU.ActiveCfg = Debug|iPhone
		{581498DE-FBEF-484A-8736-8350D91FD953}.Debug|Any CPU.Build.0 = Debug|iPhone
		{581498DE-FBEF-484A-8736-8350D91FD953}.Debug|Any CPU.Deploy.0 = Debug|iPhone
		{581498DE-FBEF-484A-8736-8350D91FD953}.Debug|ARM.ActiveCfg = Debug|iPhoneSimulator
		{581498DE-FBEF-484A-8736-8350D91FD953}.Debug|ARM.Build.0 = Debug|iPhoneSimulator
		{581498DE-FBEF-484A-8736-8350D91FD953}.Debug|ARM.Deploy.0 = Debug|iPhoneSimulator
		{581498DE-FBEF-484A-8736-8350D91FD953}.Debug|iPhone.ActiveCfg = Debug|iPhone
		{581498DE-FBEF-484A-8736-8350D91FD953}.Debug|iPhone.Build.0 = Debug|iPhone
		{581498DE-FBEF-484A-8736-8350D91FD953}.Debug|iPhone.Deploy.0 = Debug|iPhone
		{581498DE-FBEF-484A-8736-8350D91FD953}.Debug|iPhoneSimulator.ActiveCfg = Debug|iPhoneSimulator
		{581498DE-FBEF-484A-8736-8350D91FD953}.Debug|iPhoneSimulator.Build.0 = Debug|iPhoneSimulator
		{581498DE-FBEF-484A-8736-8350D91FD953}.Debug|iPhoneSimulator.Deploy.0 = Debug|iPhoneSimulator
		{581498DE-FBEF-484A-8736-8350D91FD953}.Debug|x64.ActiveCfg = Debug|iPhone
		{581498DE-FBEF-484A-8736-8350D91FD953}.Debug|x64.Build.0 = Debug|iPhone
		{581498DE-FBEF-484A-8736-8350D91FD953}.Debug|x64.Deploy.0 = Debug|iPhone
		{581498DE-FBEF-484A-8736-8350D91FD953}.Debug|x86.ActiveCfg = Debug|iPhone
		{581498DE-FBEF-484A-8736-8350D91FD953}.Debug|x86.Build.0 = Debug|iPhone
		{581498DE-FBEF-484A-8736-8350D91FD953}.Debug|x86.Deploy.0 = Debug|iPhone
		{581498DE-FBEF-484A-8736-8350D91FD953}.Release|Any CPU.ActiveCfg = Release|iPhone
		{581498DE-FBEF-484A-8736-8350D91FD953}.Release|Any CPU.Build.0 = Release|iPhone
		{581498DE-FBEF-484A-8736-8350D91FD953}.Release|Any CPU.Deploy.0 = Release|iPhone
		{581498DE-FBEF-484A-8736-8350D91FD953}.Release|ARM.ActiveCfg = Release|iPhone
		{581498DE-FBEF-484A-8736-8350D91FD953}.Release|ARM.Build.0 = Release|iPhone
		{581498DE-FBEF-484A-8736-8350D91FD953}.Release|ARM.Deploy.0 = Release|iPhone
		{581498DE-FBEF-484A-8736-8350D91FD953}.Release|iPhone.ActiveCfg = Release|iPhone
		{581498DE-FBEF-484A-8736-8350D91FD953}.Release|iPhone.Build.0 = Release|iPhone
		{581498DE-FBEF-484A-8736-8350D91FD953}.Release|iPhone.Deploy.0 = Release|iPhone
		{581498DE-FBEF-484A-8736-8350D91FD953}.Release|iPhoneSimulator.ActiveCfg = Release|iPhoneSimulator
		{581498DE-FBEF-484A-8736-8350D91FD953}.Release|iPhoneSimulator.Build.0 = Release|iPhoneSimulator
		{581498DE-FBEF-484A-8736-8350D91FD953}.Release|iPhoneSimulator.Deploy.0 = Release|iPhoneSimulator
		{581498DE-FBEF-484A-8736-8350D91FD953}.Release|x64.ActiveCfg = Release|iPhone
		{581498DE-FBEF-484A-8736-8350D91FD953}.Release|x64.Build.0 = Release|iPhone
		{581498DE-FBEF-484A-8736-8350D91FD953}.Release|x64.Deploy.0 = Release|iPhone
		{581498DE-FBEF-484A-8736-8350D91FD953}.Release|x86.ActiveCfg = Release|iPhone
		{581498DE-FBEF-484A-8736-8350D91FD953}.Release|x86.Build.0 = Release|iPhone
		{581498DE-FBEF-484A-8736-8350D91FD953}.Release|x86.Deploy.0 = Release|iPhone
		{0480D9B3-B66C-4FCE-BDAD-DEE06531A014}.Debug|Any CPU.ActiveCfg = Debug|Any CPU
		{0480D9B3-B66C-4FCE-BDAD-DEE06531A014}.Debug|Any CPU.Build.0 = Debug|Any CPU
		{0480D9B3-B66C-4FCE-BDAD-DEE06531A014}.Debug|Any CPU.Deploy.0 = Debug|Any CPU
		{0480D9B3-B66C-4FCE-BDAD-DEE06531A014}.Debug|ARM.ActiveCfg = Debug|Any CPU
		{0480D9B3-B66C-4FCE-BDAD-DEE06531A014}.Debug|ARM.Build.0 = Debug|Any CPU
		{0480D9B3-B66C-4FCE-BDAD-DEE06531A014}.Debug|ARM.Deploy.0 = Debug|Any CPU
		{0480D9B3-B66C-4FCE-BDAD-DEE06531A014}.Debug|iPhone.ActiveCfg = Debug|Any CPU
		{0480D9B3-B66C-4FCE-BDAD-DEE06531A014}.Debug|iPhone.Build.0 = Debug|Any CPU
		{0480D9B3-B66C-4FCE-BDAD-DEE06531A014}.Debug|iPhone.Deploy.0 = Debug|Any CPU
		{0480D9B3-B66C-4FCE-BDAD-DEE06531A014}.Debug|iPhoneSimulator.ActiveCfg = Debug|Any CPU
		{0480D9B3-B66C-4FCE-BDAD-DEE06531A014}.Debug|iPhoneSimulator.Build.0 = Debug|Any CPU
		{0480D9B3-B66C-4FCE-BDAD-DEE06531A014}.Debug|iPhoneSimulator.Deploy.0 = Debug|Any CPU
		{0480D9B3-B66C-4FCE-BDAD-DEE06531A014}.Debug|x64.ActiveCfg = Debug|Any CPU
		{0480D9B3-B66C-4FCE-BDAD-DEE06531A014}.Debug|x64.Build.0 = Debug|Any CPU
		{0480D9B3-B66C-4FCE-BDAD-DEE06531A014}.Debug|x64.Deploy.0 = Debug|Any CPU
		{0480D9B3-B66C-4FCE-BDAD-DEE06531A014}.Debug|x86.ActiveCfg = Debug|Any CPU
		{0480D9B3-B66C-4FCE-BDAD-DEE06531A014}.Debug|x86.Build.0 = Debug|Any CPU
		{0480D9B3-B66C-4FCE-BDAD-DEE06531A014}.Debug|x86.Deploy.0 = Debug|Any CPU
		{0480D9B3-B66C-4FCE-BDAD-DEE06531A014}.Release|Any CPU.ActiveCfg = Release|Any CPU
		{0480D9B3-B66C-4FCE-BDAD-DEE06531A014}.Release|Any CPU.Build.0 = Release|Any CPU
		{0480D9B3-B66C-4FCE-BDAD-DEE06531A014}.Release|Any CPU.Deploy.0 = Release|Any CPU
		{0480D9B3-B66C-4FCE-BDAD-DEE06531A014}.Release|ARM.ActiveCfg = Release|Any CPU
		{0480D9B3-B66C-4FCE-BDAD-DEE06531A014}.Release|ARM.Build.0 = Release|Any CPU
		{0480D9B3-B66C-4FCE-BDAD-DEE06531A014}.Release|ARM.Deploy.0 = Release|Any CPU
		{0480D9B3-B66C-4FCE-BDAD-DEE06531A014}.Release|iPhone.ActiveCfg = Release|Any CPU
		{0480D9B3-B66C-4FCE-BDAD-DEE06531A014}.Release|iPhone.Build.0 = Release|Any CPU
		{0480D9B3-B66C-4FCE-BDAD-DEE06531A014}.Release|iPhone.Deploy.0 = Release|Any CPU
		{0480D9B3-B66C-4FCE-BDAD-DEE06531A014}.Release|iPhoneSimulator.ActiveCfg = Release|Any CPU
		{0480D9B3-B66C-4FCE-BDAD-DEE06531A014}.Release|iPhoneSimulator.Build.0 = Release|Any CPU
		{0480D9B3-B66C-4FCE-BDAD-DEE06531A014}.Release|iPhoneSimulator.Deploy.0 = Release|Any CPU
		{0480D9B3-B66C-4FCE-BDAD-DEE06531A014}.Release|x64.ActiveCfg = Release|Any CPU
		{0480D9B3-B66C-4FCE-BDAD-DEE06531A014}.Release|x64.Build.0 = Release|Any CPU
		{0480D9B3-B66C-4FCE-BDAD-DEE06531A014}.Release|x64.Deploy.0 = Release|Any CPU
		{0480D9B3-B66C-4FCE-BDAD-DEE06531A014}.Release|x86.ActiveCfg = Release|Any CPU
		{0480D9B3-B66C-4FCE-BDAD-DEE06531A014}.Release|x86.Build.0 = Release|Any CPU
		{0480D9B3-B66C-4FCE-BDAD-DEE06531A014}.Release|x86.Deploy.0 = Release|Any CPU
	EndGlobalSection
	GlobalSection(SolutionProperties) = preSolution
		HideSolutionNode = FALSE
	EndGlobalSection
	GlobalSection(ExtensibilityGlobals) = postSolution
		SolutionGuid = {98585651-56BD-4501-8BEF-0FBAFD195C18}
	EndGlobalSection
EndGlobal
